
Microsoft Visual Studio Solution File, Format Version 12.00
# Visual Studio Version 17
VisualStudioVersion = 17.5.33516.290
MinimumVisualStudioVersion = 10.0.40219.1
Project("{FAE04EC0-301F-11D3-BF4B-00C04F79EFBC}") = "AssignmentBLQ", "AssignmentBLQ\AssignmentBLQ.csproj", "{C0816042-379F-4481-9622-72603BA45096}"
EndProject
Project("{2150E333-8FDC-42A3-9474-1A3956D46DE8}") = "Solution Items", "Solution Items", "{5D148B6A-3C4F-4D07-95E1-7DD0AACCCABD}"
EndProject
Project("{FAE04EC0-301F-11D3-BF4B-00C04F79EFBC}") = "No.4", "BilPrima\No.4.csproj", "{171EC03A-91E9-4D16-95F6-E8CC0842F189}"
EndProject
Project("{FAE04EC0-301F-11D3-BF4B-00C04F79EFBC}") = "No.5", "Fibonacci\No.5.csproj", "{7592B733-3F97-4B79-B85A-73B870D2B16A}"
EndProject
Project("{FAE04EC0-301F-11D3-BF4B-00C04F79EFBC}") = "No.6", "Palindrome\No.6.csproj", "{26A3671F-456E-4D95-843F-C0844862D2B6}"
EndProject
Project("{FAE04EC0-301F-11D3-BF4B-00C04F79EFBC}") = "No.7(Mean,Median&Modus)", "No.7(Mean,Median&Modus)\No.7(Mean,Median&Modus).csproj", "{0444C552-EE5E-43F1-BCDA-749E8670637D}"
EndProject
Project("{FAE04EC0-301F-11D3-BF4B-00C04F79EFBC}") = "No.8", "No.8\No.8.csproj", "{196C67A0-8BA2-4DF3-9BFA-339F057F2F29}"
EndProject
Project("{FAE04EC0-301F-11D3-BF4B-00C04F79EFBC}") = "No.9", "No.9\No.9.csproj", "{2AE29FAB-CBC5-4280-8044-4220A681A18B}"
EndProject
Project("{FAE04EC0-301F-11D3-BF4B-00C04F79EFBC}") = "No.10", "No.10\No.10.csproj", "{1D02A760-8658-4791-A87E-4DFC71FDA967}"
EndProject
Project("{FAE04EC0-301F-11D3-BF4B-00C04F79EFBC}") = "No.11", "No.11\No.11.csproj", "{5A8489AD-15B1-436A-AACE-E25D6311E6C1}"
EndProject
Project("{FAE04EC0-301F-11D3-BF4B-00C04F79EFBC}") = "No.12", "No.12\No.12.csproj", "{E06F4D4E-39F3-4D31-B910-78782686AE35}"
EndProject
Project("{FAE04EC0-301F-11D3-BF4B-00C04F79EFBC}") = "No.13", "No.13\No.13.csproj", "{9E975B50-3A80-43FE-993A-E968952BD431}"
EndProject
Project("{FAE04EC0-301F-11D3-BF4B-00C04F79EFBC}") = "No.14", "No.14\No.14.csproj", "{153E1794-588B-44FC-87DD-7EAF592651B4}"
EndProject
Project("{FAE04EC0-301F-11D3-BF4B-00C04F79EFBC}") = "No.15", "No.15\No.15.csproj", "{7EB9153F-2137-4AF8-AF92-744B68DE6D3D}"
EndProject
Project("{FAE04EC0-301F-11D3-BF4B-00C04F79EFBC}") = "No.16", "16\No.16.csproj", "{C908BB7B-5040-40A2-BB08-6347B9D0DD2B}"
EndProject
Project("{FAE04EC0-301F-11D3-BF4B-00C04F79EFBC}") = "No.17", "No.17\No.17.csproj", "{059AF1AF-EE2F-4E8E-AF3C-D62438A2092C}"
EndProject
Project("{FAE04EC0-301F-11D3-BF4B-00C04F79EFBC}") = "No.18", "No.18\No.18.csproj", "{2255E13C-9D91-4612-B6F3-46453122C6C5}"
EndProject
Project("{FAE04EC0-301F-11D3-BF4B-00C04F79EFBC}") = "No.19", "No.19\No.19.csproj", "{B321C0B9-1001-4175-8A15-D353EA1DCE81}"
EndProject
Project("{FAE04EC0-301F-11D3-BF4B-00C04F79EFBC}") = "No.20", "No.20\No.20.csproj", "{5EE15FC9-56FD-4058-8FFE-3DD8B5E64E9C}"
EndProject
Project("{FAE04EC0-301F-11D3-BF4B-00C04F79EFBC}") = "No.21", "No.21\No.21.csproj", "{F19BD9F8-BAE2-4C84-93E4-85E97D25DEEC}"
EndProject
Project("{FAE04EC0-301F-11D3-BF4B-00C04F79EFBC}") = "No.1", "No.1\No.1.csproj", "{6EE9BFD7-B6DD-440C-9A78-C0A7509DAAE8}"
EndProject
Project("{FAE04EC0-301F-11D3-BF4B-00C04F79EFBC}") = "No.2", "No.2\No.2.csproj", "{47E8DA69-07B0-451F-BABD-D64696D87EAD}"
EndProject
Project("{FAE04EC0-301F-11D3-BF4B-00C04F79EFBC}") = "No.3", "No.3\No.3.csproj", "{A6E581CA-8243-4E5D-8116-45AAEF137F30}"
EndProject
Project("{FAE04EC0-301F-11D3-BF4B-00C04F79EFBC}") = "No.22", "No.22\No.22.csproj", "{9940DEDE-0F85-4790-AC31-8A9032472622}"
EndProject
Global
	GlobalSection(SolutionConfigurationPlatforms) = preSolution
		Debug|Any CPU = Debug|Any CPU
		Release|Any CPU = Release|Any CPU
	EndGlobalSection
	GlobalSection(ProjectConfigurationPlatforms) = postSolution
		{C0816042-379F-4481-9622-72603BA45096}.Debug|Any CPU.ActiveCfg = Debug|Any CPU
		{C0816042-379F-4481-9622-72603BA45096}.Debug|Any CPU.Build.0 = Debug|Any CPU
		{C0816042-379F-4481-9622-72603BA45096}.Release|Any CPU.ActiveCfg = Release|Any CPU
		{C0816042-379F-4481-9622-72603BA45096}.Release|Any CPU.Build.0 = Release|Any CPU
		{171EC03A-91E9-4D16-95F6-E8CC0842F189}.Debug|Any CPU.ActiveCfg = Debug|Any CPU
		{171EC03A-91E9-4D16-95F6-E8CC0842F189}.Debug|Any CPU.Build.0 = Debug|Any CPU
		{171EC03A-91E9-4D16-95F6-E8CC0842F189}.Release|Any CPU.ActiveCfg = Release|Any CPU
		{171EC03A-91E9-4D16-95F6-E8CC0842F189}.Release|Any CPU.Build.0 = Release|Any CPU
		{7592B733-3F97-4B79-B85A-73B870D2B16A}.Debug|Any CPU.ActiveCfg = Debug|Any CPU
		{7592B733-3F97-4B79-B85A-73B870D2B16A}.Debug|Any CPU.Build.0 = Debug|Any CPU
		{7592B733-3F97-4B79-B85A-73B870D2B16A}.Release|Any CPU.ActiveCfg = Release|Any CPU
		{7592B733-3F97-4B79-B85A-73B870D2B16A}.Release|Any CPU.Build.0 = Release|Any CPU
		{26A3671F-456E-4D95-843F-C0844862D2B6}.Debug|Any CPU.ActiveCfg = Debug|Any CPU
		{26A3671F-456E-4D95-843F-C0844862D2B6}.Debug|Any CPU.Build.0 = Debug|Any CPU
		{26A3671F-456E-4D95-843F-C0844862D2B6}.Release|Any CPU.ActiveCfg = Release|Any CPU
		{26A3671F-456E-4D95-843F-C0844862D2B6}.Release|Any CPU.Build.0 = Release|Any CPU
		{0444C552-EE5E-43F1-BCDA-749E8670637D}.Debug|Any CPU.ActiveCfg = Debug|Any CPU
		{0444C552-EE5E-43F1-BCDA-749E8670637D}.Debug|Any CPU.Build.0 = Debug|Any CPU
		{0444C552-EE5E-43F1-BCDA-749E8670637D}.Release|Any CPU.ActiveCfg = Release|Any CPU
		{0444C552-EE5E-43F1-BCDA-749E8670637D}.Release|Any CPU.Build.0 = Release|Any CPU
		{196C67A0-8BA2-4DF3-9BFA-339F057F2F29}.Debug|Any CPU.ActiveCfg = Debug|Any CPU
		{196C67A0-8BA2-4DF3-9BFA-339F057F2F29}.Debug|Any CPU.Build.0 = Debug|Any CPU
		{196C67A0-8BA2-4DF3-9BFA-339F057F2F29}.Release|Any CPU.ActiveCfg = Release|Any CPU
		{196C67A0-8BA2-4DF3-9BFA-339F057F2F29}.Release|Any CPU.Build.0 = Release|Any CPU
		{2AE29FAB-CBC5-4280-8044-4220A681A18B}.Debug|Any CPU.ActiveCfg = Debug|Any CPU
		{2AE29FAB-CBC5-4280-8044-4220A681A18B}.Debug|Any CPU.Build.0 = Debug|Any CPU
		{2AE29FAB-CBC5-4280-8044-4220A681A18B}.Release|Any CPU.ActiveCfg = Release|Any CPU
		{2AE29FAB-CBC5-4280-8044-4220A681A18B}.Release|Any CPU.Build.0 = Release|Any CPU
		{1D02A760-8658-4791-A87E-4DFC71FDA967}.Debug|Any CPU.ActiveCfg = Debug|Any CPU
		{1D02A760-8658-4791-A87E-4DFC71FDA967}.Debug|Any CPU.Build.0 = Debug|Any CPU
		{1D02A760-8658-4791-A87E-4DFC71FDA967}.Release|Any CPU.ActiveCfg = Release|Any CPU
		{1D02A760-8658-4791-A87E-4DFC71FDA967}.Release|Any CPU.Build.0 = Release|Any CPU
		{5A8489AD-15B1-436A-AACE-E25D6311E6C1}.Debug|Any CPU.ActiveCfg = Debug|Any CPU
		{5A8489AD-15B1-436A-AACE-E25D6311E6C1}.Debug|Any CPU.Build.0 = Debug|Any CPU
		{5A8489AD-15B1-436A-AACE-E25D6311E6C1}.Release|Any CPU.ActiveCfg = Release|Any CPU
		{5A8489AD-15B1-436A-AACE-E25D6311E6C1}.Release|Any CPU.Build.0 = Release|Any CPU
		{E06F4D4E-39F3-4D31-B910-78782686AE35}.Debug|Any CPU.ActiveCfg = Debug|Any CPU
		{E06F4D4E-39F3-4D31-B910-78782686AE35}.Debug|Any CPU.Build.0 = Debug|Any CPU
		{E06F4D4E-39F3-4D31-B910-78782686AE35}.Release|Any CPU.ActiveCfg = Release|Any CPU
		{E06F4D4E-39F3-4D31-B910-78782686AE35}.Release|Any CPU.Build.0 = Release|Any CPU
		{9E975B50-3A80-43FE-993A-E968952BD431}.Debug|Any CPU.ActiveCfg = Debug|Any CPU
		{9E975B50-3A80-43FE-993A-E968952BD431}.Debug|Any CPU.Build.0 = Debug|Any CPU
		{9E975B50-3A80-43FE-993A-E968952BD431}.Release|Any CPU.ActiveCfg = Release|Any CPU
		{9E975B50-3A80-43FE-993A-E968952BD431}.Release|Any CPU.Build.0 = Release|Any CPU
		{153E1794-588B-44FC-87DD-7EAF592651B4}.Debug|Any CPU.ActiveCfg = Debug|Any CPU
		{153E1794-588B-44FC-87DD-7EAF592651B4}.Debug|Any CPU.Build.0 = Debug|Any CPU
		{153E1794-588B-44FC-87DD-7EAF592651B4}.Release|Any CPU.ActiveCfg = Release|Any CPU
		{153E1794-588B-44FC-87DD-7EAF592651B4}.Release|Any CPU.Build.0 = Release|Any CPU
		{7EB9153F-2137-4AF8-AF92-744B68DE6D3D}.Debug|Any CPU.ActiveCfg = Debug|Any CPU
		{7EB9153F-2137-4AF8-AF92-744B68DE6D3D}.Debug|Any CPU.Build.0 = Debug|Any CPU
		{7EB9153F-2137-4AF8-AF92-744B68DE6D3D}.Release|Any CPU.ActiveCfg = Release|Any CPU
		{7EB9153F-2137-4AF8-AF92-744B68DE6D3D}.Release|Any CPU.Build.0 = Release|Any CPU
		{C908BB7B-5040-40A2-BB08-6347B9D0DD2B}.Debug|Any CPU.ActiveCfg = Debug|Any CPU
		{C908BB7B-5040-40A2-BB08-6347B9D0DD2B}.Debug|Any CPU.Build.0 = Debug|Any CPU
		{C908BB7B-5040-40A2-BB08-6347B9D0DD2B}.Release|Any CPU.ActiveCfg = Release|Any CPU
		{C908BB7B-5040-40A2-BB08-6347B9D0DD2B}.Release|Any CPU.Build.0 = Release|Any CPU
		{059AF1AF-EE2F-4E8E-AF3C-D62438A2092C}.Debug|Any CPU.ActiveCfg = Debug|Any CPU
		{059AF1AF-EE2F-4E8E-AF3C-D62438A2092C}.Debug|Any CPU.Build.0 = Debug|Any CPU
		{059AF1AF-EE2F-4E8E-AF3C-D62438A2092C}.Release|Any CPU.ActiveCfg = Release|Any CPU
		{059AF1AF-EE2F-4E8E-AF3C-D62438A2092C}.Release|Any CPU.Build.0 = Release|Any CPU
		{2255E13C-9D91-4612-B6F3-46453122C6C5}.Debug|Any CPU.ActiveCfg = Debug|Any CPU
		{2255E13C-9D91-4612-B6F3-46453122C6C5}.Debug|Any CPU.Build.0 = Debug|Any CPU
		{2255E13C-9D91-4612-B6F3-46453122C6C5}.Release|Any CPU.ActiveCfg = Release|Any CPU
		{2255E13C-9D91-4612-B6F3-46453122C6C5}.Release|Any CPU.Build.0 = Release|Any CPU
		{B321C0B9-1001-4175-8A15-D353EA1DCE81}.Debug|Any CPU.ActiveCfg = Debug|Any CPU
		{B321C0B9-1001-4175-8A15-D353EA1DCE81}.Debug|Any CPU.Build.0 = Debug|Any CPU
		{B321C0B9-1001-4175-8A15-D353EA1DCE81}.Release|Any CPU.ActiveCfg = Release|Any CPU
		{B321C0B9-1001-4175-8A15-D353EA1DCE81}.Release|Any CPU.Build.0 = Release|Any CPU
		{5EE15FC9-56FD-4058-8FFE-3DD8B5E64E9C}.Debug|Any CPU.ActiveCfg = Debug|Any CPU
		{5EE15FC9-56FD-4058-8FFE-3DD8B5E64E9C}.Debug|Any CPU.Build.0 = Debug|Any CPU
		{5EE15FC9-56FD-4058-8FFE-3DD8B5E64E9C}.Release|Any CPU.ActiveCfg = Release|Any CPU
		{5EE15FC9-56FD-4058-8FFE-3DD8B5E64E9C}.Release|Any CPU.Build.0 = Release|Any CPU
		{F19BD9F8-BAE2-4C84-93E4-85E97D25DEEC}.Debug|Any CPU.ActiveCfg = Debug|Any CPU
		{F19BD9F8-BAE2-4C84-93E4-85E97D25DEEC}.Debug|Any CPU.Build.0 = Debug|Any CPU
		{F19BD9F8-BAE2-4C84-93E4-85E97D25DEEC}.Release|Any CPU.ActiveCfg = Release|Any CPU
		{F19BD9F8-BAE2-4C84-93E4-85E97D25DEEC}.Release|Any CPU.Build.0 = Release|Any CPU
		{6EE9BFD7-B6DD-440C-9A78-C0A7509DAAE8}.Debug|Any CPU.ActiveCfg = Debug|Any CPU
		{6EE9BFD7-B6DD-440C-9A78-C0A7509DAAE8}.Debug|Any CPU.Build.0 = Debug|Any CPU
		{6EE9BFD7-B6DD-440C-9A78-C0A7509DAAE8}.Release|Any CPU.ActiveCfg = Release|Any CPU
		{6EE9BFD7-B6DD-440C-9A78-C0A7509DAAE8}.Release|Any CPU.Build.0 = Release|Any CPU
		{47E8DA69-07B0-451F-BABD-D64696D87EAD}.Debug|Any CPU.ActiveCfg = Debug|Any CPU
		{47E8DA69-07B0-451F-BABD-D64696D87EAD}.Debug|Any CPU.Build.0 = Debug|Any CPU
		{47E8DA69-07B0-451F-BABD-D64696D87EAD}.Release|Any CPU.ActiveCfg = Release|Any CPU
		{47E8DA69-07B0-451F-BABD-D64696D87EAD}.Release|Any CPU.Build.0 = Release|Any CPU
		{A6E581CA-8243-4E5D-8116-45AAEF137F30}.Debug|Any CPU.ActiveCfg = Debug|Any CPU
		{A6E581CA-8243-4E5D-8116-45AAEF137F30}.Debug|Any CPU.Build.0 = Debug|Any CPU
		{A6E581CA-8243-4E5D-8116-45AAEF137F30}.Release|Any CPU.ActiveCfg = Release|Any CPU
		{A6E581CA-8243-4E5D-8116-45AAEF137F30}.Release|Any CPU.Build.0 = Release|Any CPU
		{9940DEDE-0F85-4790-AC31-8A9032472622}.Debug|Any CPU.ActiveCfg = Debug|Any CPU
		{9940DEDE-0F85-4790-AC31-8A9032472622}.Debug|Any CPU.Build.0 = Debug|Any CPU
		{9940DEDE-0F85-4790-AC31-8A9032472622}.Release|Any CPU.ActiveCfg = Release|Any CPU
		{9940DEDE-0F85-4790-AC31-8A9032472622}.Release|Any CPU.Build.0 = Release|Any CPU
	EndGlobalSection
	GlobalSection(SolutionProperties) = preSolution
		HideSolutionNode = FALSE
	EndGlobalSection
	GlobalSection(ExtensibilityGlobals) = postSolution
		SolutionGuid = {590DE816-BBC2-4B56-8804-2420777EC626}
	EndGlobalSection
EndGlobal
